
Microsoft Visual Studio Solution File, Format Version 12.00
# Visual Studio Version 17
VisualStudioVersion = 17.12.35506.116 d17.12
MinimumVisualStudioVersion = 10.0.40219.1
Project("{FAE04EC0-301F-11D3-BF4B-00C04F79EFBC}") = "2280600926_DoThanhHiep", "2280600926_DoThanhHiep\2280600926_DoThanhHiep.csproj", "{BF448A8F-BB52-42B3-8F45-DEF67BC3704C}"
EndProject
Global
	GlobalSection(SolutionConfigurationPlatforms) = preSolution
		Debug|Any CPU = Debug|Any CPU
		Release|Any CPU = Release|Any CPU
	EndGlobalSection
	GlobalSection(ProjectConfigurationPlatforms) = postSolution
		{BF448A8F-BB52-42B3-8F45-DEF67BC3704C}.Debug|Any CPU.ActiveCfg = Debug|Any CPU
		{BF448A8F-BB52-42B3-8F45-DEF67BC3704C}.Debug|Any CPU.Build.0 = Debug|Any CPU
		{BF448A8F-BB52-42B3-8F45-DEF67BC3704C}.Release|Any CPU.ActiveCfg = Release|Any CPU
		{BF448A8F-BB52-42B3-8F45-DEF67BC3704C}.Release|Any CPU.Build.0 = Release|Any CPU
	EndGlobalSection
	GlobalSection(SolutionProperties) = preSolution
		HideSolutionNode = FALSE
	EndGlobalSection
EndGlobal
